
Microsoft Visual Studio Solution File, Format Version 12.00
# Visual Studio Version 16
VisualStudioVersion = 16.0.29009.5
MinimumVisualStudioVersion = 10.0.40219.1
Project("{9A19103F-16F7-4668-BE54-9A1E7A4F7556}") = "CloudNative.CloudEvents.AzureServiceBus", "CloudNative.CloudEvents.AzureServiceBus\CloudNative.CloudEvents.AzureServiceBus.csproj", "{F18F9670-E7FF-4D7D-8921-3DB7CB5F89F6}"
EndProject
Project("{FAE04EC0-301F-11D3-BF4B-00C04F79EFBC}") = "CloudNative.CloudEvents.AzureServiceBus.Tests", "CloudNative.CloudEvents.AzureServiceBus.Tests\CloudNative.CloudEvents.AzureServiceBus.Tests.csproj", "{81DACE3D-C4DE-4EF5-A94B-9405B05D89FE}"
EndProject
Global
	GlobalSection(SolutionConfigurationPlatforms) = preSolution
		Debug|Any CPU = Debug|Any CPU
		Release|Any CPU = Release|Any CPU
	EndGlobalSection
	GlobalSection(ProjectConfigurationPlatforms) = postSolution
		{F18F9670-E7FF-4D7D-8921-3DB7CB5F89F6}.Debug|Any CPU.ActiveCfg = Debug|Any CPU
		{F18F9670-E7FF-4D7D-8921-3DB7CB5F89F6}.Debug|Any CPU.Build.0 = Debug|Any CPU
		{F18F9670-E7FF-4D7D-8921-3DB7CB5F89F6}.Release|Any CPU.ActiveCfg = Release|Any CPU
		{F18F9670-E7FF-4D7D-8921-3DB7CB5F89F6}.Release|Any CPU.Build.0 = Release|Any CPU
		{81DACE3D-C4DE-4EF5-A94B-9405B05D89FE}.Debug|Any CPU.ActiveCfg = Debug|Any CPU
		{81DACE3D-C4DE-4EF5-A94B-9405B05D89FE}.Debug|Any CPU.Build.0 = Debug|Any CPU
		{81DACE3D-C4DE-4EF5-A94B-9405B05D89FE}.Release|Any CPU.ActiveCfg = Release|Any CPU
		{81DACE3D-C4DE-4EF5-A94B-9405B05D89FE}.Release|Any CPU.Build.0 = Release|Any CPU
	EndGlobalSection
	GlobalSection(SolutionProperties) = preSolution
		HideSolutionNode = FALSE
	EndGlobalSection
	GlobalSection(ExtensibilityGlobals) = postSolution
		SolutionGuid = {1EAD8A80-1C77-4C23-A037-01A45705263F}
	EndGlobalSection
EndGlobal
